
Microsoft Visual Studio Solution File, Format Version 12.00
# Visual Studio Version 17
VisualStudioVersion = 17.4.33103.184
MinimumVisualStudioVersion = 10.0.40219.1
Project("{FAE04EC0-301F-11D3-BF4B-00C04F79EFBC}") = "DexTraining", "DexTraining.csproj", "{0885B0F8-3BE9-4CB3-B22A-D85B44BF2BEE}"
EndProject
Global
	GlobalSection(SolutionConfigurationPlatforms) = preSolution
		Debug|Any CPU = Debug|Any CPU
		Release|Any CPU = Release|Any CPU
	EndGlobalSection
	GlobalSection(ProjectConfigurationPlatforms) = postSolution
		{0885B0F8-3BE9-4CB3-B22A-D85B44BF2BEE}.Debug|Any CPU.ActiveCfg = Debug|Any CPU
		{0885B0F8-3BE9-4CB3-B22A-D85B44BF2BEE}.Debug|Any CPU.Build.0 = Debug|Any CPU
		{0885B0F8-3BE9-4CB3-B22A-D85B44BF2BEE}.Release|Any CPU.ActiveCfg = Release|Any CPU
		{0885B0F8-3BE9-4CB3-B22A-D85B44BF2BEE}.Release|Any CPU.Build.0 = Release|Any CPU
	EndGlobalSection
	GlobalSection(SolutionProperties) = preSolution
		HideSolutionNode = FALSE
	EndGlobalSection
	GlobalSection(ExtensibilityGlobals) = postSolution
		SolutionGuid = {A6E27C28-83BE-454F-84E5-0F777C217637}
	EndGlobalSection
EndGlobal
